// !$*UTF8*$!
{
	archiveVersion = 1;
	classes = {
	};
	objectVersion = 46;
	objects = {

/* Begin PBXBuildFile section */
		1E182E4E1C818C81005545DB /* LiquidFloatingActionButton.framework in Frameworks */ = {isa = PBXBuildFile; fileRef = 1E182E4D1C818C81005545DB /* LiquidFloatingActionButton.framework */; };
		1E7720381C7B61D00045518D /* TodoList.storyboard in Resources */ = {isa = PBXBuildFile; fileRef = 1E7720371C7B61D00045518D /* TodoList.storyboard */; };
		1E77203B1C7B66CB0045518D /* TodoDataSource.swift in Sources */ = {isa = PBXBuildFile; fileRef = 1E77203A1C7B66CB0045518D /* TodoDataSource.swift */; };
		1E77203E1C7B6A3D0045518D /* TodoTableViewCell.swift in Sources */ = {isa = PBXBuildFile; fileRef = 1E77203C1C7B6A3D0045518D /* TodoTableViewCell.swift */; };
		1E77203F1C7B6A3D0045518D /* TodoTableViewCell.xib in Resources */ = {isa = PBXBuildFile; fileRef = 1E77203D1C7B6A3D0045518D /* TodoTableViewCell.xib */; };
		1E7B81621C7B60710083791E /* TodoListViewController.swift in Sources */ = {isa = PBXBuildFile; fileRef = 1E7B81611C7B60710083791E /* TodoListViewController.swift */; };
		1EAB1E181C7B5A7500BEB4A3 /* AppDelegate.swift in Sources */ = {isa = PBXBuildFile; fileRef = 1EAB1E171C7B5A7500BEB4A3 /* AppDelegate.swift */; };
		1EAB1E1A1C7B5A7500BEB4A3 /* MainViewController.swift in Sources */ = {isa = PBXBuildFile; fileRef = 1EAB1E191C7B5A7500BEB4A3 /* MainViewController.swift */; };
		1EAB1E1D1C7B5A7500BEB4A3 /* Main.storyboard in Resources */ = {isa = PBXBuildFile; fileRef = 1EAB1E1B1C7B5A7500BEB4A3 /* Main.storyboard */; };
		1EAB1E1F1C7B5A7500BEB4A3 /* Assets.xcassets in Resources */ = {isa = PBXBuildFile; fileRef = 1EAB1E1E1C7B5A7500BEB4A3 /* Assets.xcassets */; };
		1EAB1E221C7B5A7500BEB4A3 /* LaunchScreen.storyboard in Resources */ = {isa = PBXBuildFile; fileRef = 1EAB1E201C7B5A7500BEB4A3 /* LaunchScreen.storyboard */; };
		1EC03CC21C832D1800B395E0 /* LiquidFloatingActionButton.framework in Frameworks */ = {isa = PBXBuildFile; fileRef = 1E182E4D1C818C81005545DB /* LiquidFloatingActionButton.framework */; };
		1EC03CC31C832D1800B395E0 /* LiquidFloatingActionButton.framework in Embed Frameworks */ = {isa = PBXBuildFile; fileRef = 1E182E4D1C818C81005545DB /* LiquidFloatingActionButton.framework */; settings = {ATTRIBUTES = (CodeSignOnCopy, RemoveHeadersOnCopy, ); }; };
		1EEE7AA91C7C95B300245A93 /* Realm.framework in Frameworks */ = {isa = PBXBuildFile; fileRef = 1EEE7AA71C7C95B300245A93 /* Realm.framework */; };
		1EEE7AAA1C7C95B400245A93 /* Realm.framework in Embed Frameworks */ = {isa = PBXBuildFile; fileRef = 1EEE7AA71C7C95B300245A93 /* Realm.framework */; settings = {ATTRIBUTES = (CodeSignOnCopy, RemoveHeadersOnCopy, ); }; };
		1EEE7AAB1C7C95B400245A93 /* RealmSwift.framework in Frameworks */ = {isa = PBXBuildFile; fileRef = 1EEE7AA81C7C95B300245A93 /* RealmSwift.framework */; };
		1EEE7AAC1C7C95B400245A93 /* RealmSwift.framework in Embed Frameworks */ = {isa = PBXBuildFile; fileRef = 1EEE7AA81C7C95B300245A93 /* RealmSwift.framework */; settings = {ATTRIBUTES = (CodeSignOnCopy, RemoveHeadersOnCopy, ); }; };
		1EEE7AB41C7C98B800245A93 /* Todo.swift in Sources */ = {isa = PBXBuildFile; fileRef = 1EEE7AB31C7C98B800245A93 /* Todo.swift */; };
		1EEE7ABC1C7C9E0C00245A93 /* RealmSet.swift in Sources */ = {isa = PBXBuildFile; fileRef = 1EEE7ABB1C7C9E0C00245A93 /* RealmSet.swift */; };
		1EF0DC331C82F1FC00DCD140 /* MenuButtonDataSource.swift in Sources */ = {isa = PBXBuildFile; fileRef = 1EF0DC321C82F1FC00DCD140 /* MenuButtonDataSource.swift */; };
/* End PBXBuildFile section */

/* Begin PBXCopyFilesBuildPhase section */
		1EEE7AAD1C7C95B400245A93 /* Embed Frameworks */ = {
			isa = PBXCopyFilesBuildPhase;
			buildActionMask = 2147483647;
			dstPath = "";
			dstSubfolderSpec = 10;
			files = (
				1EEE7AAC1C7C95B400245A93 /* RealmSwift.framework in Embed Frameworks */,
				1EEE7AAA1C7C95B400245A93 /* Realm.framework in Embed Frameworks */,
				1EC03CC31C832D1800B395E0 /* LiquidFloatingActionButton.framework in Embed Frameworks */,
			);
			name = "Embed Frameworks";
			runOnlyForDeploymentPostprocessing = 0;
		};
/* End PBXCopyFilesBuildPhase section */

/* Begin PBXFileReference section */
		1E182E4D1C818C81005545DB /* LiquidFloatingActionButton.framework */ = {isa = PBXFileReference; lastKnownFileType = wrapper.framework; name = LiquidFloatingActionButton.framework; path = Carthage/Build/iOS/LiquidFloatingActionButton.framework; sourceTree = "<group>"; };
		1E7720371C7B61D00045518D /* TodoList.storyboard */ = {isa = PBXFileReference; fileEncoding = 4; lastKnownFileType = file.storyboard; path = TodoList.storyboard; sourceTree = "<group>"; };
		1E77203A1C7B66CB0045518D /* TodoDataSource.swift */ = {isa = PBXFileReference; fileEncoding = 4; lastKnownFileType = sourcecode.swift; path = TodoDataSource.swift; sourceTree = "<group>"; };
		1E77203C1C7B6A3D0045518D /* TodoTableViewCell.swift */ = {isa = PBXFileReference; fileEncoding = 4; lastKnownFileType = sourcecode.swift; path = TodoTableViewCell.swift; sourceTree = "<group>"; };
		1E77203D1C7B6A3D0045518D /* TodoTableViewCell.xib */ = {isa = PBXFileReference; fileEncoding = 4; lastKnownFileType = file.xib; path = TodoTableViewCell.xib; sourceTree = "<group>"; };
		1E7B81611C7B60710083791E /* TodoListViewController.swift */ = {isa = PBXFileReference; fileEncoding = 4; lastKnownFileType = sourcecode.swift; path = TodoListViewController.swift; sourceTree = "<group>"; };
		1EAB1E141C7B5A7500BEB4A3 /* TodoList.app */ = {isa = PBXFileReference; explicitFileType = wrapper.application; includeInIndex = 0; path = TodoList.app; sourceTree = BUILT_PRODUCTS_DIR; };
		1EAB1E171C7B5A7500BEB4A3 /* AppDelegate.swift */ = {isa = PBXFileReference; lastKnownFileType = sourcecode.swift; path = AppDelegate.swift; sourceTree = "<group>"; };
		1EAB1E191C7B5A7500BEB4A3 /* MainViewController.swift */ = {isa = PBXFileReference; lastKnownFileType = sourcecode.swift; path = MainViewController.swift; sourceTree = "<group>"; };
		1EAB1E1C1C7B5A7500BEB4A3 /* Base */ = {isa = PBXFileReference; lastKnownFileType = file.storyboard; name = Base; path = Base.lproj/Main.storyboard; sourceTree = "<group>"; };
		1EAB1E1E1C7B5A7500BEB4A3 /* Assets.xcassets */ = {isa = PBXFileReference; lastKnownFileType = folder.assetcatalog; path = Assets.xcassets; sourceTree = "<group>"; };
		1EAB1E211C7B5A7500BEB4A3 /* Base */ = {isa = PBXFileReference; lastKnownFileType = file.storyboard; name = Base; path = Base.lproj/LaunchScreen.storyboard; sourceTree = "<group>"; };
		1EAB1E231C7B5A7500BEB4A3 /* Info.plist */ = {isa = PBXFileReference; lastKnownFileType = text.plist.xml; path = Info.plist; sourceTree = "<group>"; };
		1EEE7AA71C7C95B300245A93 /* Realm.framework */ = {isa = PBXFileReference; lastKnownFileType = wrapper.framework; name = Realm.framework; path = Carthage/Build/iOS/Realm.framework; sourceTree = "<group>"; };
		1EEE7AA81C7C95B300245A93 /* RealmSwift.framework */ = {isa = PBXFileReference; lastKnownFileType = wrapper.framework; name = RealmSwift.framework; path = Carthage/Build/iOS/RealmSwift.framework; sourceTree = "<group>"; };
		1EEE7AB31C7C98B800245A93 /* Todo.swift */ = {isa = PBXFileReference; fileEncoding = 4; lastKnownFileType = sourcecode.swift; path = Todo.swift; sourceTree = "<group>"; };
		1EEE7ABB1C7C9E0C00245A93 /* RealmSet.swift */ = {isa = PBXFileReference; fileEncoding = 4; lastKnownFileType = sourcecode.swift; path = RealmSet.swift; sourceTree = "<group>"; };
		1EF0DC321C82F1FC00DCD140 /* MenuButtonDataSource.swift */ = {isa = PBXFileReference; fileEncoding = 4; lastKnownFileType = sourcecode.swift; path = MenuButtonDataSource.swift; sourceTree = "<group>"; };
/* End PBXFileReference section */

/* Begin PBXFrameworksBuildPhase section */
		1EAB1E111C7B5A7500BEB4A3 /* Frameworks */ = {
			isa = PBXFrameworksBuildPhase;
			buildActionMask = 2147483647;
			files = (
				1E182E4E1C818C81005545DB /* LiquidFloatingActionButton.framework in Frameworks */,
				1EEE7AAB1C7C95B400245A93 /* RealmSwift.framework in Frameworks */,
				1EC03CC21C832D1800B395E0 /* LiquidFloatingActionButton.framework in Frameworks */,
				1EEE7AA91C7C95B300245A93 /* Realm.framework in Frameworks */,
			);
			runOnlyForDeploymentPostprocessing = 0;
		};
/* End PBXFrameworksBuildPhase section */

/* Begin PBXGroup section */
		1E7720391C7B65D60045518D /* viewModels */ = {
			isa = PBXGroup;
			children = (
				1EF0DC321C82F1FC00DCD140 /* MenuButtonDataSource.swift */,
				1E77203A1C7B66CB0045518D /* TodoDataSource.swift */,
			);
			path = viewModels;
			sourceTree = "<group>";
		};
		1E7B81641C7B610D0083791E /* views */ = {
			isa = PBXGroup;
			children = (
				1EAB1E1B1C7B5A7500BEB4A3 /* Main.storyboard */,
				1E7720371C7B61D00045518D /* TodoList.storyboard */,
				1E77203D1C7B6A3D0045518D /* TodoTableViewCell.xib */,
				1E77203C1C7B6A3D0045518D /* TodoTableViewCell.swift */,
			);
			path = views;
			sourceTree = "<group>";
		};
		1E7B81651C7B61110083791E /* controllers */ = {
			isa = PBXGroup;
			children = (
				1EAB1E191C7B5A7500BEB4A3 /* MainViewController.swift */,
				1E7B81611C7B60710083791E /* TodoListViewController.swift */,
			);
			path = controllers;
			sourceTree = "<group>";
		};
		1EAB1E0B1C7B5A7500BEB4A3 = {
			isa = PBXGroup;
			children = (
				1E182E4D1C818C81005545DB /* LiquidFloatingActionButton.framework */,
				1EEE7AA71C7C95B300245A93 /* Realm.framework */,
				1EEE7AA81C7C95B300245A93 /* RealmSwift.framework */,
				1EAB1E151C7B5A7500BEB4A3 /* Products */,
				1EAB1E161C7B5A7500BEB4A3 /* TodoList */,
			);
			sourceTree = "<group>";
		};
		1EAB1E151C7B5A7500BEB4A3 /* Products */ = {
			isa = PBXGroup;
			children = (
				1EAB1E141C7B5A7500BEB4A3 /* TodoList.app */,
			);
			name = Products;
			sourceTree = "<group>";
		};
		1EAB1E161C7B5A7500BEB4A3 /* TodoList */ = {
			isa = PBXGroup;
			children = (
				1E7B81641C7B610D0083791E /* views */,
				1E7B81651C7B61110083791E /* controllers */,
				1E7720391C7B65D60045518D /* viewModels */,
				1EEE7AB21C7C98B800245A93 /* models */,
				1EEE7ABA1C7C9E0C00245A93 /* libs */,
				1EAB1E171C7B5A7500BEB4A3 /* AppDelegate.swift */,
				1EAB1E1E1C7B5A7500BEB4A3 /* Assets.xcassets */,
				1EAB1E231C7B5A7500BEB4A3 /* Info.plist */,
				1EAB1E201C7B5A7500BEB4A3 /* LaunchScreen.storyboard */,
			);
			path = TodoList;
			sourceTree = "<group>";
		};
		1EEE7AB21C7C98B800245A93 /* models */ = {
			isa = PBXGroup;
			children = (
				1EEE7AB31C7C98B800245A93 /* Todo.swift */,
			);
			path = models;
			sourceTree = "<group>";
		};
		1EEE7ABA1C7C9E0C00245A93 /* libs */ = {
			isa = PBXGroup;
			children = (
				1EEE7ABB1C7C9E0C00245A93 /* RealmSet.swift */,
			);
			path = libs;
			sourceTree = "<group>";
		};
/* End PBXGroup section */

/* Begin PBXNativeTarget section */
		1EAB1E131C7B5A7500BEB4A3 /* TodoList */ = {
			isa = PBXNativeTarget;
			buildConfigurationList = 1EAB1E261C7B5A7500BEB4A3 /* Build configuration list for PBXNativeTarget "TodoList" */;
			buildPhases = (
				1EAB1E101C7B5A7500BEB4A3 /* Sources */,
				1EAB1E111C7B5A7500BEB4A3 /* Frameworks */,
				1EAB1E121C7B5A7500BEB4A3 /* Resources */,
				1EEE7AAD1C7C95B400245A93 /* Embed Frameworks */,
				1EEE7AAE1C7C95D000245A93 /* ShellScript */,
			);
			buildRules = (
			);
			dependencies = (
			);
			name = TodoList;
			productName = TodoList;
			productReference = 1EAB1E141C7B5A7500BEB4A3 /* TodoList.app */;
			productType = "com.apple.product-type.application";
		};
/* End PBXNativeTarget section */

/* Begin PBXProject section */
		1EAB1E0C1C7B5A7500BEB4A3 /* Project object */ = {
			isa = PBXProject;
			attributes = {
				LastSwiftUpdateCheck = 0720;
				LastUpgradeCheck = 0720;
				ORGANIZATIONNAME = to4iki;
				TargetAttributes = {
					1EAB1E131C7B5A7500BEB4A3 = {
						CreatedOnToolsVersion = 7.2.1;
						DevelopmentTeam = KX9834768X;
					};
				};
			};
			buildConfigurationList = 1EAB1E0F1C7B5A7500BEB4A3 /* Build configuration list for PBXProject "TodoList" */;
			compatibilityVersion = "Xcode 3.2";
			developmentRegion = English;
			hasScannedForEncodings = 0;
			knownRegions = (
				en,
				Base,
			);
			mainGroup = 1EAB1E0B1C7B5A7500BEB4A3;
			productRefGroup = 1EAB1E151C7B5A7500BEB4A3 /* Products */;
			projectDirPath = "";
			projectRoot = "";
			targets = (
				1EAB1E131C7B5A7500BEB4A3 /* TodoList */,
			);
		};
/* End PBXProject section */

/* Begin PBXResourcesBuildPhase section */
		1EAB1E121C7B5A7500BEB4A3 /* Resources */ = {
			isa = PBXResourcesBuildPhase;
			buildActionMask = 2147483647;
			files = (
				1E7720381C7B61D00045518D /* TodoList.storyboard in Resources */,
				1EAB1E221C7B5A7500BEB4A3 /* LaunchScreen.storyboard in Resources */,
				1EAB1E1F1C7B5A7500BEB4A3 /* Assets.xcassets in Resources */,
				1E77203F1C7B6A3D0045518D /* TodoTableViewCell.xib in Resources */,
				1EAB1E1D1C7B5A7500BEB4A3 /* Main.storyboard in Resources */,
			);
			runOnlyForDeploymentPostprocessing = 0;
		};
/* End PBXResourcesBuildPhase section */

/* Begin PBXShellScriptBuildPhase section */
		1EEE7AAE1C7C95D000245A93 /* ShellScript */ = {
			isa = PBXShellScriptBuildPhase;
			buildActionMask = 2147483647;
			files = (
			);
			inputPaths = (
				"$(SRCROOT)/Carthage/Build/iOS/Realm.framework ",
				"$(SRCROOT)/Carthage/Build/iOS/RealmSwift.framework",
				"$(SRCROOT)/Carthage/Build/iOS/LiquidFloatingActionButton.framework",
			);
			outputPaths = (
			);
			runOnlyForDeploymentPostprocessing = 0;
			shellPath = /bin/sh;
			shellScript = "";
		};
/* End PBXShellScriptBuildPhase section */

/* Begin PBXSourcesBuildPhase section */
		1EAB1E101C7B5A7500BEB4A3 /* Sources */ = {
			isa = PBXSourcesBuildPhase;
			buildActionMask = 2147483647;
			files = (
				1EEE7AB41C7C98B800245A93 /* Todo.swift in Sources */,
				1EF0DC331C82F1FC00DCD140 /* MenuButtonDataSource.swift in Sources */,
				1E77203B1C7B66CB0045518D /* TodoDataSource.swift in Sources */,
				1E7B81621C7B60710083791E /* TodoListViewController.swift in Sources */,
				1EAB1E1A1C7B5A7500BEB4A3 /* MainViewController.swift in Sources */,
				1E77203E1C7B6A3D0045518D /* TodoTableViewCell.swift in Sources */,
				1EAB1E181C7B5A7500BEB4A3 /* AppDelegate.swift in Sources */,
				1EEE7ABC1C7C9E0C00245A93 /* RealmSet.swift in Sources */,
			);
			runOnlyForDeploymentPostprocessing = 0;
		};
/* End PBXSourcesBuildPhase section */

/* Begin PBXVariantGroup section */
		1EAB1E1B1C7B5A7500BEB4A3 /* Main.storyboard */ = {
			isa = PBXVariantGroup;
			children = (
				1EAB1E1C1C7B5A7500BEB4A3 /* Base */,
			);
			name = Main.storyboard;
			path = .;
			sourceTree = "<group>";
		};
		1EAB1E201C7B5A7500BEB4A3 /* LaunchScreen.storyboard */ = {
			isa = PBXVariantGroup;
			children = (
				1EAB1E211C7B5A7500BEB4A3 /* Base */,
			);
			name = LaunchScreen.storyboard;
			path = .;
			sourceTree = "<group>";
		};
/* End PBXVariantGroup section */

/* Begin XCBuildConfiguration section */
		1EAB1E241C7B5A7500BEB4A3 /* Debug */ = {
			isa = XCBuildConfiguration;
			buildSettings = {
				ALWAYS_SEARCH_USER_PATHS = NO;
				CLANG_CXX_LANGUAGE_STANDARD = "gnu++0x";
				CLANG_CXX_LIBRARY = "libc++";
				CLANG_ENABLE_MODULES = YES;
				CLANG_ENABLE_OBJC_ARC = YES;
				CLANG_WARN_BOOL_CONVERSION = YES;
				CLANG_WARN_CONSTANT_CONVERSION = YES;
				CLANG_WARN_DIRECT_OBJC_ISA_USAGE = YES_ERROR;
				CLANG_WARN_EMPTY_BODY = YES;
				CLANG_WARN_ENUM_CONVERSION = YES;
				CLANG_WARN_INT_CONVERSION = YES;
				CLANG_WARN_OBJC_ROOT_CLASS = YES_ERROR;
				CLANG_WARN_UNREACHABLE_CODE = YES;
				CLANG_WARN__DUPLICATE_METHOD_MATCH = YES;
				"CODE_SIGN_IDENTITY[sdk=iphoneos*]" = "iPhone Developer";
				COPY_PHASE_STRIP = NO;
				DEBUG_INFORMATION_FORMAT = dwarf;
				ENABLE_STRICT_OBJC_MSGSEND = YES;
				ENABLE_TESTABILITY = YES;
				GCC_C_LANGUAGE_STANDARD = gnu99;
				GCC_DYNAMIC_NO_PIC = NO;
				GCC_NO_COMMON_BLOCKS = YES;
				GCC_OPTIMIZATION_LEVEL = 0;
				GCC_PREPROCESSOR_DEFINITIONS = (
					"DEBUG=1",
					"$(inherited)",
				);
				GCC_WARN_64_TO_32_BIT_CONVERSION = YES;
				GCC_WARN_ABOUT_RETURN_TYPE = YES_ERROR;
				GCC_WARN_UNDECLARED_SELECTOR = YES;
				GCC_WARN_UNINITIALIZED_AUTOS = YES_AGGRESSIVE;
				GCC_WARN_UNUSED_FUNCTION = YES;
				GCC_WARN_UNUSED_VARIABLE = YES;
				IPHONEOS_DEPLOYMENT_TARGET = 9.2;
				MTL_ENABLE_DEBUG_INFO = YES;
				ONLY_ACTIVE_ARCH = YES;
				SDKROOT = iphoneos;
				SWIFT_OPTIMIZATION_LEVEL = "-Onone";
			};
			name = Debug;
		};
		1EAB1E251C7B5A7500BEB4A3 /* Release */ = {
			isa = XCBuildConfiguration;
			buildSettings = {
				ALWAYS_SEARCH_USER_PATHS = NO;
				CLANG_CXX_LANGUAGE_STANDARD = "gnu++0x";
				CLANG_CXX_LIBRARY = "libc++";
				CLANG_ENABLE_MODULES = YES;
				CLANG_ENABLE_OBJC_ARC = YES;
				CLANG_WARN_BOOL_CONVERSION = YES;
				CLANG_WARN_CONSTANT_CONVERSION = YES;
				CLANG_WARN_DIRECT_OBJC_ISA_USAGE = YES_ERROR;
				CLANG_WARN_EMPTY_BODY = YES;
				CLANG_WARN_ENUM_CONVERSION = YES;
				CLANG_WARN_INT_CONVERSION = YES;
				CLANG_WARN_OBJC_ROOT_CLASS = YES_ERROR;
				CLANG_WARN_UNREACHABLE_CODE = YES;
				CLANG_WARN__DUPLICATE_METHOD_MATCH = YES;
				"CODE_SIGN_IDENTITY[sdk=iphoneos*]" = "iPhone Developer";
				COPY_PHASE_STRIP = NO;
				DEBUG_INFORMATION_FORMAT = "dwarf-with-dsym";
				ENABLE_NS_ASSERTIONS = NO;
				ENABLE_STRICT_OBJC_MSGSEND = YES;
				GCC_C_LANGUAGE_STANDARD = gnu99;
				GCC_NO_COMMON_BLOCKS = YES;
				GCC_WARN_64_TO_32_BIT_CONVERSION = YES;
				GCC_WARN_ABOUT_RETURN_TYPE = YES_ERROR;
				GCC_WARN_UNDECLARED_SELECTOR = YES;
				GCC_WARN_UNINITIALIZED_AUTOS = YES_AGGRESSIVE;
				GCC_WARN_UNUSED_FUNCTION = YES;
				GCC_WARN_UNUSED_VARIABLE = YES;
				IPHONEOS_DEPLOYMENT_TARGET = 9.2;
				MTL_ENABLE_DEBUG_INFO = NO;
				SDKROOT = iphoneos;
				VALIDATE_PRODUCT = YES;
			};
			name = Release;
		};
		1EAB1E271C7B5A7500BEB4A3 /* Debug */ = {
			isa = XCBuildConfiguration;
			buildSettings = {
				ASSETCATALOG_COMPILER_APPICON_NAME = AppIcon;
				FRAMEWORK_SEARCH_PATHS = (
					"$(inherited)",
					"$(PROJECT_DIR)/Carthage/Build/iOS",
				);
				INFOPLIST_FILE = TodoList/Info.plist;
				LD_RUNPATH_SEARCH_PATHS = "$(inherited) @executable_path/Frameworks";
				PRODUCT_BUNDLE_IDENTIFIER = com.github.to4iki.TodoList;
				PRODUCT_NAME = "$(TARGET_NAME)";
			};
			name = Debug;
		};
		1EAB1E281C7B5A7500BEB4A3 /* Release */ = {
			isa = XCBuildConfiguration;
			buildSettings = {
				ASSETCATALOG_COMPILER_APPICON_NAME = AppIcon;
				FRAMEWORK_SEARCH_PATHS = (
					"$(inherited)",
					"$(PROJECT_DIR)/Carthage/Build/iOS",
				);
				INFOPLIST_FILE = TodoList/Info.plist;
				LD_RUNPATH_SEARCH_PATHS = "$(inherited) @executable_path/Frameworks";
				PRODUCT_BUNDLE_IDENTIFIER = com.github.to4iki.TodoList;
				PRODUCT_NAME = "$(TARGET_NAME)";
			};
			name = Release;
		};
/* End XCBuildConfiguration section */

/* Begin XCConfigurationList section */
		1EAB1E0F1C7B5A7500BEB4A3 /* Build configuration list for PBXProject "TodoList" */ = {
			isa = XCConfigurationList;
			buildConfigurations = (
				1EAB1E241C7B5A7500BEB4A3 /* Debug */,
				1EAB1E251C7B5A7500BEB4A3 /* Release */,
			);
			defaultConfigurationIsVisible = 0;
			defaultConfigurationName = Release;
		};
		1EAB1E261C7B5A7500BEB4A3 /* Build configuration list for PBXNativeTarget "TodoList" */ = {
			isa = XCConfigurationList;
			buildConfigurations = (
				1EAB1E271C7B5A7500BEB4A3 /* Debug */,
				1EAB1E281C7B5A7500BEB4A3 /* Release */,
			);
			defaultConfigurationIsVisible = 0;
			defaultConfigurationName = Release;
		};
/* End XCConfigurationList section */
	};
	rootObject = 1EAB1E0C1C7B5A7500BEB4A3 /* Project object */;
}
